
Microsoft Visual Studio Solution File, Format Version 12.00
# Visual Studio Version 16
VisualStudioVersion = 16.0.31515.178
MinimumVisualStudioVersion = 10.0.40219.1
Project("{888888A0-9F3D-457C-B088-3A5042F75D52}") = "Iterative_Recrusive_Function_261_JorgeSouza", "Iterative_Recrusive_Function_261_JorgeSouza.pyproj", "{DC07C33C-D6AC-48D9-A10A-C314740D5E15}"
EndProject
Global
	GlobalSection(SolutionConfigurationPlatforms) = preSolution
		Debug|Any CPU = Debug|Any CPU
		Release|Any CPU = Release|Any CPU
	EndGlobalSection
	GlobalSection(ProjectConfigurationPlatforms) = postSolution
		{DC07C33C-D6AC-48D9-A10A-C314740D5E15}.Debug|Any CPU.ActiveCfg = Debug|Any CPU
		{DC07C33C-D6AC-48D9-A10A-C314740D5E15}.Release|Any CPU.ActiveCfg = Release|Any CPU
	EndGlobalSection
	GlobalSection(SolutionProperties) = preSolution
		HideSolutionNode = FALSE
	EndGlobalSection
	GlobalSection(ExtensibilityGlobals) = postSolution
		SolutionGuid = {49FD24D3-8E79-4761-8D1E-20ED430878A5}
	EndGlobalSection
EndGlobal
